
Microsoft Visual Studio Solution File, Format Version 12.00
# Visual Studio Version 17
VisualStudioVersion = 17.5.002.0
MinimumVisualStudioVersion = 10.0.40219.1
Project("{2150E333-8FDC-42A3-9474-1A3956D46DE8}") = "lib", "lib", "{83D22C74-625A-4CA7-81DC-211D1B13C863}"
EndProject
Project("{2150E333-8FDC-42A3-9474-1A3956D46DE8}") = "lufa", "lufa", "{B7AB8A08-3545-466D-8083-80C24D5BC968}"
EndProject
Project("{2150E333-8FDC-42A3-9474-1A3956D46DE8}") = "Projects", "Projects", "{53B2D284-7077-4FC1-9FE6-4F3AE4B72885}"
EndProject
Project("{2150E333-8FDC-42A3-9474-1A3956D46DE8}") = "TempDataLogger", "TempDataLogger", "{1ED53D96-0FF7-4502-A177-FFCB47903629}"
EndProject
Project("{9A19103F-16F7-4668-BE54-9A1E7A4F7556}") = "TempLoggerHostApp", "lib\lufa\Projects\TempDataLogger\TempLogHostApp\TempLoggerHostApp.csproj", "{6EE9FE8E-BEBA-43C6-8525-E633EB30FDA9}"
EndProject
Project("{2150E333-8FDC-42A3-9474-1A3956D46DE8}") = "LEDNotifier", "LEDNotifier", "{7EE3A2D9-B05E-4431-B154-BB49AF754613}"
EndProject
Project("{9A19103F-16F7-4668-BE54-9A1E7A4F7556}") = "CPUMonitor", "lib\lufa\Projects\LEDNotifier\CPUUsageApp\CPUMonitor.csproj", "{81738579-FF6B-4D1D-A4CE-01339CBD97D6}"
EndProject
Project("{9A19103F-16F7-4668-BE54-9A1E7A4F7556}") = "LEDMixer", "lib\lufa\Projects\LEDNotifier\LEDMixerApp\LEDMixer.csproj", "{F6ED8B32-0CF8-4C16-BBDD-8E6681B6FC88}"
EndProject
Global
	GlobalSection(SolutionConfigurationPlatforms) = preSolution
		Debug|Any CPU = Debug|Any CPU
		Release|Any CPU = Release|Any CPU
	EndGlobalSection
	GlobalSection(ProjectConfigurationPlatforms) = postSolution
		{6EE9FE8E-BEBA-43C6-8525-E633EB30FDA9}.Debug|Any CPU.ActiveCfg = Debug|Any CPU
		{6EE9FE8E-BEBA-43C6-8525-E633EB30FDA9}.Debug|Any CPU.Build.0 = Debug|Any CPU
		{6EE9FE8E-BEBA-43C6-8525-E633EB30FDA9}.Release|Any CPU.ActiveCfg = Release|Any CPU
		{6EE9FE8E-BEBA-43C6-8525-E633EB30FDA9}.Release|Any CPU.Build.0 = Release|Any CPU
		{81738579-FF6B-4D1D-A4CE-01339CBD97D6}.Debug|Any CPU.ActiveCfg = Debug|Any CPU
		{81738579-FF6B-4D1D-A4CE-01339CBD97D6}.Debug|Any CPU.Build.0 = Debug|Any CPU
		{81738579-FF6B-4D1D-A4CE-01339CBD97D6}.Release|Any CPU.ActiveCfg = Release|Any CPU
		{81738579-FF6B-4D1D-A4CE-01339CBD97D6}.Release|Any CPU.Build.0 = Release|Any CPU
		{F6ED8B32-0CF8-4C16-BBDD-8E6681B6FC88}.Debug|Any CPU.ActiveCfg = Debug|Any CPU
		{F6ED8B32-0CF8-4C16-BBDD-8E6681B6FC88}.Debug|Any CPU.Build.0 = Debug|Any CPU
		{F6ED8B32-0CF8-4C16-BBDD-8E6681B6FC88}.Release|Any CPU.ActiveCfg = Release|Any CPU
		{F6ED8B32-0CF8-4C16-BBDD-8E6681B6FC88}.Release|Any CPU.Build.0 = Release|Any CPU
	EndGlobalSection
	GlobalSection(SolutionProperties) = preSolution
		HideSolutionNode = FALSE
	EndGlobalSection
	GlobalSection(NestedProjects) = preSolution
		{B7AB8A08-3545-466D-8083-80C24D5BC968} = {83D22C74-625A-4CA7-81DC-211D1B13C863}
		{53B2D284-7077-4FC1-9FE6-4F3AE4B72885} = {B7AB8A08-3545-466D-8083-80C24D5BC968}
		{1ED53D96-0FF7-4502-A177-FFCB47903629} = {53B2D284-7077-4FC1-9FE6-4F3AE4B72885}
		{6EE9FE8E-BEBA-43C6-8525-E633EB30FDA9} = {1ED53D96-0FF7-4502-A177-FFCB47903629}
		{7EE3A2D9-B05E-4431-B154-BB49AF754613} = {53B2D284-7077-4FC1-9FE6-4F3AE4B72885}
		{81738579-FF6B-4D1D-A4CE-01339CBD97D6} = {7EE3A2D9-B05E-4431-B154-BB49AF754613}
		{F6ED8B32-0CF8-4C16-BBDD-8E6681B6FC88} = {7EE3A2D9-B05E-4431-B154-BB49AF754613}
	EndGlobalSection
	GlobalSection(ExtensibilityGlobals) = postSolution
		SolutionGuid = {8D67FE1A-E2DA-43C6-BFD1-5610BFF022E2}
	EndGlobalSection
EndGlobal
